
Microsoft Visual Studio Solution File, Format Version 12.00
# Visual Studio Version 17
VisualStudioVersion = 17.8.34511.84
MinimumVisualStudioVersion = 10.0.40219.1
Project("{2150E333-8FDC-42A3-9474-1A3956D46DE8}") = "Build", "Build", "{805059EC-6CC4-418B-B0ED-E40A21145526}"
	ProjectSection(SolutionItems) = preProject
		..\.gitignore = ..\.gitignore
		..\.travis.yml = ..\.travis.yml
		..\appveyor.ps1 = ..\appveyor.ps1
		..\appveyor.yml = ..\appveyor.yml
		..\build-skip-restore.bat = ..\build-skip-restore.bat
		..\build-skip-test.bat = ..\build-skip-test.bat
		..\build.bat = ..\build.bat
		..\build.cake = ..\build.cake
		..\build.ps1 = ..\build.ps1
		..\build.sh = ..\build.sh
	EndProjectSection
EndProject
Project("{2150E333-8FDC-42A3-9474-1A3956D46DE8}") = "Source", "Source", "{EA42D027-E363-4943-ABED-1F3C37FD6CA5}"
EndProject
Project("{2150E333-8FDC-42A3-9474-1A3956D46DE8}") = "Nuget", "Nuget", "{1DE4B19B-DCA5-4F17-98FA-60CCE64A0C20}"
	ProjectSection(SolutionItems) = preProject
		..\nuspec\Cake.Powershell.nuspec = ..\nuspec\Cake.Powershell.nuspec
	EndProjectSection
EndProject
Project("{2150E333-8FDC-42A3-9474-1A3956D46DE8}") = "Tests", "Tests", "{307216F2-D982-4935-8BF1-842114D14545}"
	ProjectSection(SolutionItems) = preProject
		..\test\build.cake = ..\test\build.cake
	EndProjectSection
EndProject
Project("{2150E333-8FDC-42A3-9474-1A3956D46DE8}") = "Docs", "Docs", "{23704DC0-E2D6-47C3-9E11-2A1D8E497980}"
	ProjectSection(SolutionItems) = preProject
		..\LICENSE = ..\LICENSE
		..\README.md = ..\README.md
		..\ReleaseNotes.md = ..\ReleaseNotes.md
		..\TroubleShooting.md = ..\TroubleShooting.md
	EndProjectSection
EndProject
Project("{9A19103F-16F7-4668-BE54-9A1E7A4F7556}") = "Cake.Powershell", "Cake.Powershell\Cake.Powershell.csproj", "{ED3901EA-E3D2-488A-A66C-DC318DDC7089}"
EndProject
Project("{9A19103F-16F7-4668-BE54-9A1E7A4F7556}") = "Cake.Powershell.Tests", "Cake.Powershell.Tests\Cake.Powershell.Tests.csproj", "{716440BD-3C10-493E-949F-8E94A063F9F8}"
EndProject
Project("{2150E333-8FDC-42A3-9474-1A3956D46DE8}") = ".github", ".github", "{02EA681E-C7D8-13C7-8484-4AC65E1B71E8}"
EndProject
Project("{2150E333-8FDC-42A3-9474-1A3956D46DE8}") = "workflows", "workflows", "{EC1C4490-0EA8-4DCC-BCE8-A87210CE13A5}"
	ProjectSection(SolutionItems) = preProject
		..\.github\workflows\build.yml = ..\.github\workflows\build.yml
	EndProjectSection
EndProject
Global
	GlobalSection(SolutionConfigurationPlatforms) = preSolution
		Debug|Any CPU = Debug|Any CPU
		Release|Any CPU = Release|Any CPU
	EndGlobalSection
	GlobalSection(ProjectConfigurationPlatforms) = postSolution
		{ED3901EA-E3D2-488A-A66C-DC318DDC7089}.Debug|Any CPU.ActiveCfg = Debug|Any CPU
		{ED3901EA-E3D2-488A-A66C-DC318DDC7089}.Debug|Any CPU.Build.0 = Debug|Any CPU
		{ED3901EA-E3D2-488A-A66C-DC318DDC7089}.Release|Any CPU.ActiveCfg = Release|Any CPU
		{ED3901EA-E3D2-488A-A66C-DC318DDC7089}.Release|Any CPU.Build.0 = Release|Any CPU
		{716440BD-3C10-493E-949F-8E94A063F9F8}.Debug|Any CPU.ActiveCfg = Release|Any CPU
		{716440BD-3C10-493E-949F-8E94A063F9F8}.Debug|Any CPU.Build.0 = Release|Any CPU
		{716440BD-3C10-493E-949F-8E94A063F9F8}.Release|Any CPU.ActiveCfg = Release|Any CPU
		{716440BD-3C10-493E-949F-8E94A063F9F8}.Release|Any CPU.Build.0 = Release|Any CPU
	EndGlobalSection
	GlobalSection(SolutionProperties) = preSolution
		HideSolutionNode = FALSE
	EndGlobalSection
	GlobalSection(NestedProjects) = preSolution
		{ED3901EA-E3D2-488A-A66C-DC318DDC7089} = {EA42D027-E363-4943-ABED-1F3C37FD6CA5}
		{716440BD-3C10-493E-949F-8E94A063F9F8} = {307216F2-D982-4935-8BF1-842114D14545}
		{EC1C4490-0EA8-4DCC-BCE8-A87210CE13A5} = {02EA681E-C7D8-13C7-8484-4AC65E1B71E8}
	EndGlobalSection
	GlobalSection(ExtensibilityGlobals) = postSolution
		SolutionGuid = {7E0AF96A-1AA2-4477-921E-56FC38C8A055}
	EndGlobalSection
EndGlobal
